// !$*UTF8*$!
{
	archiveVersion = 1;
	classes = {
	};
	objectVersion = 51;
	objects = {

/* Begin PBXBuildFile section */
		1629957724AC8DBA00635883 /* AppDelegate.swift in Sources */ = {isa = PBXBuildFile; fileRef = 1629957624AC8DBA00635883 /* AppDelegate.swift */; };
		1629957924AC8DBA00635883 /* SceneDelegate.swift in Sources */ = {isa = PBXBuildFile; fileRef = 1629957824AC8DBA00635883 /* SceneDelegate.swift */; };
		1629957B24AC8DBA00635883 /* ViewController.swift in Sources */ = {isa = PBXBuildFile; fileRef = 1629957A24AC8DBA00635883 /* ViewController.swift */; };
		1629957E24AC8DBA00635883 /* Main.storyboard in Resources */ = {isa = PBXBuildFile; fileRef = 1629957C24AC8DBA00635883 /* Main.storyboard */; };
		1629958024AC8DBC00635883 /* Assets.xcassets in Resources */ = {isa = PBXBuildFile; fileRef = 1629957F24AC8DBC00635883 /* Assets.xcassets */; };
		1629958324AC8DBC00635883 /* LaunchScreen.storyboard in Resources */ = {isa = PBXBuildFile; fileRef = 1629958124AC8DBC00635883 /* LaunchScreen.storyboard */; };
		162995BD24AD3A2A00635883 /* Button.swift in Sources */ = {isa = PBXBuildFile; fileRef = 162995BC24AD3A2A00635883 /* Button.swift */; };
		162995BF24ADE33400635883 /* Line.swift in Sources */ = {isa = PBXBuildFile; fileRef = 162995BE24ADE33400635883 /* Line.swift */; };
		162995C124AE295500635883 /* CollectionViewCell.swift in Sources */ = {isa = PBXBuildFile; fileRef = 162995C024AE295500635883 /* CollectionViewCell.swift */; };
		162995C324AE5AC600635883 /* Footer.swift in Sources */ = {isa = PBXBuildFile; fileRef = 162995C224AE5AC600635883 /* Footer.swift */; };
		162995C524AF45C900635883 /* Header.swift in Sources */ = {isa = PBXBuildFile; fileRef = 162995C424AF45C900635883 /* Header.swift */; };
		162995C724AF764F00635883 /* Slider.swift in Sources */ = {isa = PBXBuildFile; fileRef = 162995C624AF764F00635883 /* Slider.swift */; };
		162995C924AF7CA700635883 /* TimerView.swift in Sources */ = {isa = PBXBuildFile; fileRef = 162995C824AF7CA700635883 /* TimerView.swift */; };
		162995CD24AFA29D00635883 /* Speaker.swift in Sources */ = {isa = PBXBuildFile; fileRef = 162995CC24AFA29D00635883 /* Speaker.swift */; };
		162995CF24B0BE5900635883 /* CollectionView.swift in Sources */ = {isa = PBXBuildFile; fileRef = 162995CE24B0BE5900635883 /* CollectionView.swift */; };
		75959210C3F078FCFCEFBD75 /* Pods_AppCentMarketingProject.framework in Frameworks */ = {isa = PBXBuildFile; fileRef = 9EC754474E109CDADDCDA311 /* Pods_AppCentMarketingProject.framework */; };
/* End PBXBuildFile section */

/* Begin PBXFileReference section */
		1629957324AC8DBA00635883 /* AppCentMarketingProject.app */ = {isa = PBXFileReference; explicitFileType = wrapper.application; includeInIndex = 0; path = AppCentMarketingProject.app; sourceTree = BUILT_PRODUCTS_DIR; };
		1629957624AC8DBA00635883 /* AppDelegate.swift */ = {isa = PBXFileReference; lastKnownFileType = sourcecode.swift; path = AppDelegate.swift; sourceTree = "<group>"; };
		1629957824AC8DBA00635883 /* SceneDelegate.swift */ = {isa = PBXFileReference; lastKnownFileType = sourcecode.swift; path = SceneDelegate.swift; sourceTree = "<group>"; };
		1629957A24AC8DBA00635883 /* ViewController.swift */ = {isa = PBXFileReference; lastKnownFileType = sourcecode.swift; path = ViewController.swift; sourceTree = "<group>"; };
		1629957D24AC8DBA00635883 /* Base */ = {isa = PBXFileReference; lastKnownFileType = file.storyboard; name = Base; path = Base.lproj/Main.storyboard; sourceTree = "<group>"; };
		1629957F24AC8DBC00635883 /* Assets.xcassets */ = {isa = PBXFileReference; lastKnownFileType = folder.assetcatalog; path = Assets.xcassets; sourceTree = "<group>"; };
		1629958224AC8DBC00635883 /* Base */ = {isa = PBXFileReference; lastKnownFileType = file.storyboard; name = Base; path = Base.lproj/LaunchScreen.storyboard; sourceTree = "<group>"; };
		1629958424AC8DBC00635883 /* Info.plist */ = {isa = PBXFileReference; lastKnownFileType = text.plist.xml; path = Info.plist; sourceTree = "<group>"; };
		162995BC24AD3A2A00635883 /* Button.swift */ = {isa = PBXFileReference; lastKnownFileType = sourcecode.swift; path = Button.swift; sourceTree = "<group>"; };
		162995BE24ADE33400635883 /* Line.swift */ = {isa = PBXFileReference; lastKnownFileType = sourcecode.swift; path = Line.swift; sourceTree = "<group>"; };
		162995C024AE295500635883 /* CollectionViewCell.swift */ = {isa = PBXFileReference; lastKnownFileType = sourcecode.swift; path = CollectionViewCell.swift; sourceTree = "<group>"; };
		162995C224AE5AC600635883 /* Footer.swift */ = {isa = PBXFileReference; lastKnownFileType = sourcecode.swift; path = Footer.swift; sourceTree = "<group>"; };
		162995C424AF45C900635883 /* Header.swift */ = {isa = PBXFileReference; lastKnownFileType = sourcecode.swift; path = Header.swift; sourceTree = "<group>"; };
		162995C624AF764F00635883 /* Slider.swift */ = {isa = PBXFileReference; lastKnownFileType = sourcecode.swift; path = Slider.swift; sourceTree = "<group>"; };
		162995C824AF7CA700635883 /* TimerView.swift */ = {isa = PBXFileReference; lastKnownFileType = sourcecode.swift; path = TimerView.swift; sourceTree = "<group>"; };
		162995CC24AFA29D00635883 /* Speaker.swift */ = {isa = PBXFileReference; lastKnownFileType = sourcecode.swift; path = Speaker.swift; sourceTree = "<group>"; };
		162995CE24B0BE5900635883 /* CollectionView.swift */ = {isa = PBXFileReference; lastKnownFileType = sourcecode.swift; path = CollectionView.swift; sourceTree = "<group>"; };
		3320FC0050E5A30CEE1ADF78 /* Pods-AppCentMarketingProject.release.xcconfig */ = {isa = PBXFileReference; includeInIndex = 1; lastKnownFileType = text.xcconfig; name = "Pods-AppCentMarketingProject.release.xcconfig"; path = "Target Support Files/Pods-AppCentMarketingProject/Pods-AppCentMarketingProject.release.xcconfig"; sourceTree = "<group>"; };
		4C49C49CDB687708E4DBD7E1 /* Pods-AppCentMarketingProject.debug.xcconfig */ = {isa = PBXFileReference; includeInIndex = 1; lastKnownFileType = text.xcconfig; name = "Pods-AppCentMarketingProject.debug.xcconfig"; path = "Target Support Files/Pods-AppCentMarketingProject/Pods-AppCentMarketingProject.debug.xcconfig"; sourceTree = "<group>"; };
		9EC754474E109CDADDCDA311 /* Pods_AppCentMarketingProject.framework */ = {isa = PBXFileReference; explicitFileType = wrapper.framework; includeInIndex = 0; path = Pods_AppCentMarketingProject.framework; sourceTree = BUILT_PRODUCTS_DIR; };
/* End PBXFileReference section */

/* Begin PBXFrameworksBuildPhase section */
		1629957024AC8DBA00635883 /* Frameworks */ = {
			isa = PBXFrameworksBuildPhase;
			buildActionMask = 2147483647;
			files = (
				75959210C3F078FCFCEFBD75 /* Pods_AppCentMarketingProject.framework in Frameworks */,
			);
			runOnlyForDeploymentPostprocessing = 0;
		};
/* End PBXFrameworksBuildPhase section */

/* Begin PBXGroup section */
		1629956A24AC8DBA00635883 = {
			isa = PBXGroup;
			children = (
				1629957524AC8DBA00635883 /* AppCentMarketingProject */,
				1629957424AC8DBA00635883 /* Products */,
				EA488C053D4DBC0409DD6808 /* Pods */,
				F69DF1594022F61C231C49BE /* Frameworks */,
			);
			sourceTree = "<group>";
		};
		1629957424AC8DBA00635883 /* Products */ = {
			isa = PBXGroup;
			children = (
				1629957324AC8DBA00635883 /* AppCentMarketingProject.app */,
			);
			name = Products;
			sourceTree = "<group>";
		};
		1629957524AC8DBA00635883 /* AppCentMarketingProject */ = {
			isa = PBXGroup;
			children = (
				162995BB24AD3A1300635883 /* Components */,
				1629958C24AC8EBF00635883 /* Model */,
				1629958B24AC8EB700635883 /* View */,
				1629958A24AC8EAB00635883 /* ViewModel */,
				1629957624AC8DBA00635883 /* AppDelegate.swift */,
				1629957824AC8DBA00635883 /* SceneDelegate.swift */,
				1629957C24AC8DBA00635883 /* Main.storyboard */,
				1629957F24AC8DBC00635883 /* Assets.xcassets */,
				1629958124AC8DBC00635883 /* LaunchScreen.storyboard */,
				1629958424AC8DBC00635883 /* Info.plist */,
			);
			path = AppCentMarketingProject;
			sourceTree = "<group>";
		};
		1629958A24AC8EAB00635883 /* ViewModel */ = {
			isa = PBXGroup;
			children = (
			);
			path = ViewModel;
			sourceTree = "<group>";
		};
		1629958B24AC8EB700635883 /* View */ = {
			isa = PBXGroup;
			children = (
				1629957A24AC8DBA00635883 /* ViewController.swift */,
				162995C024AE295500635883 /* CollectionViewCell.swift */,
			);
			path = View;
			sourceTree = "<group>";
		};
		1629958C24AC8EBF00635883 /* Model */ = {
			isa = PBXGroup;
			children = (
			);
			path = Model;
			sourceTree = "<group>";
		};
		162995BB24AD3A1300635883 /* Components */ = {
			isa = PBXGroup;
			children = (
				162995BC24AD3A2A00635883 /* Button.swift */,
				162995BE24ADE33400635883 /* Line.swift */,
				162995C224AE5AC600635883 /* Footer.swift */,
				162995C424AF45C900635883 /* Header.swift */,
				162995C624AF764F00635883 /* Slider.swift */,
				162995C824AF7CA700635883 /* TimerView.swift */,
				162995CC24AFA29D00635883 /* Speaker.swift */,
				162995CE24B0BE5900635883 /* CollectionView.swift */,
			);
			path = Components;
			sourceTree = "<group>";
		};
		EA488C053D4DBC0409DD6808 /* Pods */ = {
			isa = PBXGroup;
			children = (
				4C49C49CDB687708E4DBD7E1 /* Pods-AppCentMarketingProject.debug.xcconfig */,
				3320FC0050E5A30CEE1ADF78 /* Pods-AppCentMarketingProject.release.xcconfig */,
			);
			path = Pods;
			sourceTree = "<group>";
		};
		F69DF1594022F61C231C49BE /* Frameworks */ = {
			isa = PBXGroup;
			children = (
				9EC754474E109CDADDCDA311 /* Pods_AppCentMarketingProject.framework */,
			);
			name = Frameworks;
			sourceTree = "<group>";
		};
/* End PBXGroup section */

/* Begin PBXNativeTarget section */
		1629957224AC8DBA00635883 /* AppCentMarketingProject */ = {
			isa = PBXNativeTarget;
			buildConfigurationList = 1629958724AC8DBC00635883 /* Build configuration list for PBXNativeTarget "AppCentMarketingProject" */;
			buildPhases = (
				AE3C00725010C36242F16A1D /* [CP] Check Pods Manifest.lock */,
				1629956F24AC8DBA00635883 /* Sources */,
				1629957024AC8DBA00635883 /* Frameworks */,
				1629957124AC8DBA00635883 /* Resources */,
				273E31892486E36829810256 /* [CP] Embed Pods Frameworks */,
			);
			buildRules = (
			);
			dependencies = (
			);
			name = AppCentMarketingProject;
			productName = AppCentMarketingProject;
			productReference = 1629957324AC8DBA00635883 /* AppCentMarketingProject.app */;
			productType = "com.apple.product-type.application";
		};
/* End PBXNativeTarget section */

/* Begin PBXProject section */
		1629956B24AC8DBA00635883 /* Project object */ = {
			isa = PBXProject;
			attributes = {
				LastSwiftUpdateCheck = 1140;
				LastUpgradeCheck = 1140;
				ORGANIZATIONNAME = "Sevval Armagan";
				TargetAttributes = {
					1629957224AC8DBA00635883 = {
						CreatedOnToolsVersion = 11.4.1;
					};
				};
			};
			buildConfigurationList = 1629956E24AC8DBA00635883 /* Build configuration list for PBXProject "AppCentMarketingProject" */;
			compatibilityVersion = "Xcode 9.3";
			developmentRegion = en;
			hasScannedForEncodings = 0;
			knownRegions = (
				en,
				Base,
			);
			mainGroup = 1629956A24AC8DBA00635883;
			productRefGroup = 1629957424AC8DBA00635883 /* Products */;
			projectDirPath = "";
			projectRoot = "";
			targets = (
				1629957224AC8DBA00635883 /* AppCentMarketingProject */,
			);
		};
/* End PBXProject section */

/* Begin PBXResourcesBuildPhase section */
		1629957124AC8DBA00635883 /* Resources */ = {
			isa = PBXResourcesBuildPhase;
			buildActionMask = 2147483647;
			files = (
				1629958324AC8DBC00635883 /* LaunchScreen.storyboard in Resources */,
				1629958024AC8DBC00635883 /* Assets.xcassets in Resources */,
				1629957E24AC8DBA00635883 /* Main.storyboard in Resources */,
			);
			runOnlyForDeploymentPostprocessing = 0;
		};
/* End PBXResourcesBuildPhase section */

/* Begin PBXShellScriptBuildPhase section */
		273E31892486E36829810256 /* [CP] Embed Pods Frameworks */ = {
			isa = PBXShellScriptBuildPhase;
			buildActionMask = 2147483647;
			files = (
			);
			inputFileListPaths = (
				"${PODS_ROOT}/Target Support Files/Pods-AppCentMarketingProject/Pods-AppCentMarketingProject-frameworks-${CONFIGURATION}-input-files.xcfilelist",
			);
			name = "[CP] Embed Pods Frameworks";
			outputFileListPaths = (
				"${PODS_ROOT}/Target Support Files/Pods-AppCentMarketingProject/Pods-AppCentMarketingProject-frameworks-${CONFIGURATION}-output-files.xcfilelist",
			);
			runOnlyForDeploymentPostprocessing = 0;
			shellPath = /bin/sh;
			shellScript = "\"${PODS_ROOT}/Target Support Files/Pods-AppCentMarketingProject/Pods-AppCentMarketingProject-frameworks.sh\"\n";
			showEnvVarsInLog = 0;
		};
		AE3C00725010C36242F16A1D /* [CP] Check Pods Manifest.lock */ = {
			isa = PBXShellScriptBuildPhase;
			buildActionMask = 2147483647;
			files = (
			);
			inputFileListPaths = (
			);
			inputPaths = (
				"${PODS_PODFILE_DIR_PATH}/Podfile.lock",
				"${PODS_ROOT}/Manifest.lock",
			);
			name = "[CP] Check Pods Manifest.lock";
			outputFileListPaths = (
			);
			outputPaths = (
				"$(DERIVED_FILE_DIR)/Pods-AppCentMarketingProject-checkManifestLockResult.txt",
			);
			runOnlyForDeploymentPostprocessing = 0;
			shellPath = /bin/sh;
			shellScript = "diff \"${PODS_PODFILE_DIR_PATH}/Podfile.lock\" \"${PODS_ROOT}/Manifest.lock\" > /dev/null\nif [ $? != 0 ] ; then\n    # print error to STDERR\n    echo \"error: The sandbox is not in sync with the Podfile.lock. Run 'pod install' or update your CocoaPods installation.\" >&2\n    exit 1\nfi\n# This output is used by Xcode 'outputs' to avoid re-running this script phase.\necho \"SUCCESS\" > \"${SCRIPT_OUTPUT_FILE_0}\"\n";
			showEnvVarsInLog = 0;
		};
/* End PBXShellScriptBuildPhase section */

/* Begin PBXSourcesBuildPhase section */
		1629956F24AC8DBA00635883 /* Sources */ = {
			isa = PBXSourcesBuildPhase;
			buildActionMask = 2147483647;
			files = (
				162995C524AF45C900635883 /* Header.swift in Sources */,
				1629957B24AC8DBA00635883 /* ViewController.swift in Sources */,
				1629957724AC8DBA00635883 /* AppDelegate.swift in Sources */,
				162995C924AF7CA700635883 /* TimerView.swift in Sources */,
				162995C124AE295500635883 /* CollectionViewCell.swift in Sources */,
				162995CD24AFA29D00635883 /* Speaker.swift in Sources */,
				162995CF24B0BE5900635883 /* CollectionView.swift in Sources */,
				162995C724AF764F00635883 /* Slider.swift in Sources */,
				1629957924AC8DBA00635883 /* SceneDelegate.swift in Sources */,
				162995C324AE5AC600635883 /* Footer.swift in Sources */,
				162995BD24AD3A2A00635883 /* Button.swift in Sources */,
				162995BF24ADE33400635883 /* Line.swift in Sources */,
			);
			runOnlyForDeploymentPostprocessing = 0;
		};
/* End PBXSourcesBuildPhase section */

/* Begin PBXVariantGroup section */
		1629957C24AC8DBA00635883 /* Main.storyboard */ = {
			isa = PBXVariantGroup;
			children = (
				1629957D24AC8DBA00635883 /* Base */,
			);
			name = Main.storyboard;
			sourceTree = "<group>";
		};
		1629958124AC8DBC00635883 /* LaunchScreen.storyboard */ = {
			isa = PBXVariantGroup;
			children = (
				1629958224AC8DBC00635883 /* Base */,
			);
			name = LaunchScreen.storyboard;
			sourceTree = "<group>";
		};
/* End PBXVariantGroup section */

/* Begin XCBuildConfiguration section */
		1629958524AC8DBC00635883 /* Debug */ = {
			isa = XCBuildConfiguration;
			buildSettings = {
				ALWAYS_SEARCH_USER_PATHS = NO;
				CLANG_ANALYZER_NONNULL = YES;
				CLANG_ANALYZER_NUMBER_OBJECT_CONVERSION = YES_AGGRESSIVE;
				CLANG_CXX_LANGUAGE_STANDARD = "gnu++14";
				CLANG_CXX_LIBRARY = "libc++";
				CLANG_ENABLE_MODULES = YES;
				CLANG_ENABLE_OBJC_ARC = YES;
				CLANG_ENABLE_OBJC_WEAK = YES;
				CLANG_WARN_BLOCK_CAPTURE_AUTORELEASING = YES;
				CLANG_WARN_BOOL_CONVERSION = YES;
				CLANG_WARN_COMMA = YES;
				CLANG_WARN_CONSTANT_CONVERSION = YES;
				CLANG_WARN_DEPRECATED_OBJC_IMPLEMENTATIONS = YES;
				CLANG_WARN_DIRECT_OBJC_ISA_USAGE = YES_ERROR;
				CLANG_WARN_DOCUMENTATION_COMMENTS = YES;
				CLANG_WARN_EMPTY_BODY = YES;
				CLANG_WARN_ENUM_CONVERSION = YES;
				CLANG_WARN_INFINITE_RECURSION = YES;
				CLANG_WARN_INT_CONVERSION = YES;
				CLANG_WARN_NON_LITERAL_NULL_CONVERSION = YES;
				CLANG_WARN_OBJC_IMPLICIT_RETAIN_SELF = YES;
				CLANG_WARN_OBJC_LITERAL_CONVERSION = YES;
				CLANG_WARN_OBJC_ROOT_CLASS = YES_ERROR;
				CLANG_WARN_RANGE_LOOP_ANALYSIS = YES;
				CLANG_WARN_STRICT_PROTOTYPES = YES;
				CLANG_WARN_SUSPICIOUS_MOVE = YES;
				CLANG_WARN_UNGUARDED_AVAILABILITY = YES_AGGRESSIVE;
				CLANG_WARN_UNREACHABLE_CODE = YES;
				CLANG_WARN__DUPLICATE_METHOD_MATCH = YES;
				COPY_PHASE_STRIP = NO;
				DEBUG_INFORMATION_FORMAT = dwarf;
				ENABLE_STRICT_OBJC_MSGSEND = YES;
				ENABLE_TESTABILITY = YES;
				GCC_C_LANGUAGE_STANDARD = gnu11;
				GCC_DYNAMIC_NO_PIC = NO;
				GCC_NO_COMMON_BLOCKS = YES;
				GCC_OPTIMIZATION_LEVEL = 0;
				GCC_PREPROCESSOR_DEFINITIONS = (
					"DEBUG=1",
					"$(inherited)",
				);
				GCC_WARN_64_TO_32_BIT_CONVERSION = YES;
				GCC_WARN_ABOUT_RETURN_TYPE = YES_ERROR;
				GCC_WARN_UNDECLARED_SELECTOR = YES;
				GCC_WARN_UNINITIALIZED_AUTOS = YES_AGGRESSIVE;
				GCC_WARN_UNUSED_FUNCTION = YES;
				GCC_WARN_UNUSED_VARIABLE = YES;
				IPHONEOS_DEPLOYMENT_TARGET = 13.4;
				MTL_ENABLE_DEBUG_INFO = INCLUDE_SOURCE;
				MTL_FAST_MATH = YES;
				ONLY_ACTIVE_ARCH = YES;
				SDKROOT = iphoneos;
				SWIFT_ACTIVE_COMPILATION_CONDITIONS = DEBUG;
				SWIFT_OPTIMIZATION_LEVEL = "-Onone";
			};
			name = Debug;
		};
		1629958624AC8DBC00635883 /* Release */ = {
			isa = XCBuildConfiguration;
			buildSettings = {
				ALWAYS_SEARCH_USER_PATHS = NO;
				CLANG_ANALYZER_NONNULL = YES;
				CLANG_ANALYZER_NUMBER_OBJECT_CONVERSION = YES_AGGRESSIVE;
				CLANG_CXX_LANGUAGE_STANDARD = "gnu++14";
				CLANG_CXX_LIBRARY = "libc++";
				CLANG_ENABLE_MODULES = YES;
				CLANG_ENABLE_OBJC_ARC = YES;
				CLANG_ENABLE_OBJC_WEAK = YES;
				CLANG_WARN_BLOCK_CAPTURE_AUTORELEASING = YES;
				CLANG_WARN_BOOL_CONVERSION = YES;
				CLANG_WARN_COMMA = YES;
				CLANG_WARN_CONSTANT_CONVERSION = YES;
				CLANG_WARN_DEPRECATED_OBJC_IMPLEMENTATIONS = YES;
				CLANG_WARN_DIRECT_OBJC_ISA_USAGE = YES_ERROR;
				CLANG_WARN_DOCUMENTATION_COMMENTS = YES;
				CLANG_WARN_EMPTY_BODY = YES;
				CLANG_WARN_ENUM_CONVERSION = YES;
				CLANG_WARN_INFINITE_RECURSION = YES;
				CLANG_WARN_INT_CONVERSION = YES;
				CLANG_WARN_NON_LITERAL_NULL_CONVERSION = YES;
				CLANG_WARN_OBJC_IMPLICIT_RETAIN_SELF = YES;
				CLANG_WARN_OBJC_LITERAL_CONVERSION = YES;
				CLANG_WARN_OBJC_ROOT_CLASS = YES_ERROR;
				CLANG_WARN_RANGE_LOOP_ANALYSIS = YES;
				CLANG_WARN_STRICT_PROTOTYPES = YES;
				CLANG_WARN_SUSPICIOUS_MOVE = YES;
				CLANG_WARN_UNGUARDED_AVAILABILITY = YES_AGGRESSIVE;
				CLANG_WARN_UNREACHABLE_CODE = YES;
				CLANG_WARN__DUPLICATE_METHOD_MATCH = YES;
				COPY_PHASE_STRIP = NO;
				DEBUG_INFORMATION_FORMAT = "dwarf-with-dsym";
				ENABLE_NS_ASSERTIONS = NO;
				ENABLE_STRICT_OBJC_MSGSEND = YES;
				GCC_C_LANGUAGE_STANDARD = gnu11;
				GCC_NO_COMMON_BLOCKS = YES;
				GCC_WARN_64_TO_32_BIT_CONVERSION = YES;
				GCC_WARN_ABOUT_RETURN_TYPE = YES_ERROR;
				GCC_WARN_UNDECLARED_SELECTOR = YES;
				GCC_WARN_UNINITIALIZED_AUTOS = YES_AGGRESSIVE;
				GCC_WARN_UNUSED_FUNCTION = YES;
				GCC_WARN_UNUSED_VARIABLE = YES;
				IPHONEOS_DEPLOYMENT_TARGET = 13.4;
				MTL_ENABLE_DEBUG_INFO = NO;
				MTL_FAST_MATH = YES;
				SDKROOT = iphoneos;
				SWIFT_COMPILATION_MODE = wholemodule;
				SWIFT_OPTIMIZATION_LEVEL = "-O";
				VALIDATE_PRODUCT = YES;
			};
			name = Release;
		};
		1629958824AC8DBC00635883 /* Debug */ = {
			isa = XCBuildConfiguration;
			baseConfigurationReference = 4C49C49CDB687708E4DBD7E1 /* Pods-AppCentMarketingProject.debug.xcconfig */;
			buildSettings = {
				ASSETCATALOG_COMPILER_APPICON_NAME = AppIcon;
				CODE_SIGN_STYLE = Automatic;
				INFOPLIST_FILE = AppCentMarketingProject/Info.plist;
				LD_RUNPATH_SEARCH_PATHS = (
					"$(inherited)",
					"@executable_path/Frameworks",
				);
				PRODUCT_BUNDLE_IDENTIFIER = armagan.AppCentMarketingProject;
				PRODUCT_NAME = "$(TARGET_NAME)";
				SWIFT_VERSION = 5.0;
				TARGETED_DEVICE_FAMILY = "1,2";
			};
			name = Debug;
		};
		1629958924AC8DBC00635883 /* Release */ = {
			isa = XCBuildConfiguration;
			baseConfigurationReference = 3320FC0050E5A30CEE1ADF78 /* Pods-AppCentMarketingProject.release.xcconfig */;
			buildSettings = {
				ASSETCATALOG_COMPILER_APPICON_NAME = AppIcon;
				CODE_SIGN_STYLE = Automatic;
				INFOPLIST_FILE = AppCentMarketingProject/Info.plist;
				LD_RUNPATH_SEARCH_PATHS = (
					"$(inherited)",
					"@executable_path/Frameworks",
				);
				PRODUCT_BUNDLE_IDENTIFIER = armagan.AppCentMarketingProject;
				PRODUCT_NAME = "$(TARGET_NAME)";
				SWIFT_VERSION = 5.0;
				TARGETED_DEVICE_FAMILY = "1,2";
			};
			name = Release;
		};
/* End XCBuildConfiguration section */

/* Begin XCConfigurationList section */
		1629956E24AC8DBA00635883 /* Build configuration list for PBXProject "AppCentMarketingProject" */ = {
			isa = XCConfigurationList;
			buildConfigurations = (
				1629958524AC8DBC00635883 /* Debug */,
				1629958624AC8DBC00635883 /* Release */,
			);
			defaultConfigurationIsVisible = 0;
			defaultConfigurationName = Release;
		};
		1629958724AC8DBC00635883 /* Build configuration list for PBXNativeTarget "AppCentMarketingProject" */ = {
			isa = XCConfigurationList;
			buildConfigurations = (
				1629958824AC8DBC00635883 /* Debug */,
				1629958924AC8DBC00635883 /* Release */,
			);
			defaultConfigurationIsVisible = 0;
			defaultConfigurationName = Release;
		};
/* End XCConfigurationList section */
	};
	rootObject = 1629956B24AC8DBA00635883 /* Project object */;
}
